Microsoft Visual Studio Solution File, Format Version 12.00
# Visual Studio Version 17
VisualStudioVersion = 17.14.37328.6
MinimumVisualStudioVersion = 10.0.40219.1
Project("{F184B08F-C81C-45F6-A57F-5ABD9991F28F}") = "gsColorearCodigo NET9", "gsColorearCodigo NET9\gsColorearCodigo NET9.vbproj", "{72286692-54DE-4E3A-80E1-ABA06605B8FA}"
EndProject
Project("{F184B08F-C81C-45F6-A57F-5ABD9991F28F}") = "gsColorearNET", "lib\gsColorearNET\gsColorearNET.vbproj", "{0BEE1D6C-874E-B79A-C474-5D9D938EC736}"
EndProject
Global
	GlobalSection(SolutionConfigurationPlatforms) = preSolution
		Debug|Any CPU = Debug|Any CPU
		Release|Any CPU = Release|Any CPU
	EndGlobalSection
	GlobalSection(ProjectConfigurationPlatforms) = postSolution
		{72286692-54DE-4E3A-80E1-ABA06605B8FA}.Debug|Any CPU.ActiveCfg = Debug|Any CPU
		{72286692-54DE-4E3A-80E1-ABA06605B8FA}.Debug|Any CPU.Build.0 = Debug|Any CPU
		{72286692-54DE-4E3A-80E1-ABA06605B8FA}.Release|Any CPU.ActiveCfg = Release|Any CPU
		{72286692-54DE-4E3A-80E1-ABA06605B8FA}.Release|Any CPU.Build.0 = Release|Any CPU
		{0BEE1D6C-874E-B79A-C474-5D9D938EC736}.Debug|Any CPU.ActiveCfg = Debug|Any CPU
		{0BEE1D6C-874E-B79A-C474-5D9D938EC736}.Debug|Any CPU.Build.0 = Debug|Any CPU
		{0BEE1D6C-874E-B79A-C474-5D9D938EC736}.Release|Any CPU.ActiveCfg = Release|Any CPU
		{0BEE1D6C-874E-B79A-C474-5D9D938EC736}.Release|Any CPU.Build.0 = Release|Any CPU
	EndGlobalSection
	GlobalSection(SolutionProperties) = preSolution
		HideSolutionNode = FALSE
	EndGlobalSection
	GlobalSection(ExtensibilityGlobals) = postSolution
		        SolutionGuid = {1871D337-7A47-401C-8789-2443716E5EE6}
		SolutionGuid = {A774BDB4-3668-415F-B179-5CF65B474183}
	EndGlobalSection
EndGlobal
